
Microsoft Visual Studio Solution File, Format Version 12.00
# Visual Studio 15
VisualStudioVersion = 15.0.27703.2047
MinimumVisualStudioVersion = 10.0.40219.1
Project("{8BC9CEB8-8B4A-11D0-8D11-00A0C91BC942}") = "1-HelloAIE", "HelloAIE\HelloAIE.vcxproj", "{8B02CB6B-A371-4CC4-9951-3BAD4D471D79}"
EndProject
Project("{8BC9CEB8-8B4A-11D0-8D11-00A0C91BC942}") = "2-Variables", "2-Variables\2-Variables.vcxproj", "{0DBD52C4-1C64-4A5E-B326-372E41FF3C1E}"
EndProject
Project("{8BC9CEB8-8B4A-11D0-8D11-00A0C91BC942}") = "3-Loops", "3-Loops\3-Loops.vcxproj", "{10E2B97C-87DE-45C6-93C5-4F24D212D50E}"
EndProject
Project("{8BC9CEB8-8B4A-11D0-8D11-00A0C91BC942}") = "4-Conditionals", "4-Conditionals\4-Conditionals.vcxproj", "{8C0E75F2-DEF4-4072-BB63-D31446E2A39C}"
EndProject
Project("{8BC9CEB8-8B4A-11D0-8D11-00A0C91BC942}") = "5-Functions", "5-Functions\5-Functions.vcxproj", "{9D6401F9-6171-4D55-8775-374F6D182B70}"
EndProject
Project("{8BC9CEB8-8B4A-11D0-8D11-00A0C91BC942}") = "6-Arrays", "6-Arrays\6-Arrays.vcxproj", "{12A3979D-409F-4637-87FE-79B9CA618929}"
EndProject
Project("{8BC9CEB8-8B4A-11D0-8D11-00A0C91BC942}") = "7-Structures", "7-Structures\7-Structures.vcxproj", "{6972517E-04F9-41B2-944D-A37058C197F6}"
EndProject
Project("{8BC9CEB8-8B4A-11D0-8D11-00A0C91BC942}") = "TicTacToe", "TicTacToe\TicTacToe.vcxproj", "{0465264F-5CA5-451B-A730-C03BD156E774}"
EndProject
Project("{8BC9CEB8-8B4A-11D0-8D11-00A0C91BC942}") = "NumberGuesser", "NumberGuesser\NumberGuesser.vcxproj", "{17DBA449-80E7-461E-AF57-C3DCBEC02306}"
EndProject
Project("{8BC9CEB8-8B4A-11D0-8D11-00A0C91BC942}") = "BattleArena", "BattleArena\BattleArena.vcxproj", "{FBD77389-C6ED-42B7-B833-31585BDB2279}"
EndProject
Project("{8BC9CEB8-8B4A-11D0-8D11-00A0C91BC942}") = "Review1", "Review1\Review1.vcxproj", "{D138F96D-2E78-4391-9597-DAF136A8099C}"
EndProject
Global
	GlobalSection(SolutionConfigurationPlatforms) = preSolution
		Debug|x64 = Debug|x64
		Debug|x86 = Debug|x86
		Release|x64 = Release|x64
		Release|x86 = Release|x86
	EndGlobalSection
	GlobalSection(ProjectConfigurationPlatforms) = postSolution
		{8B02CB6B-A371-4CC4-9951-3BAD4D471D79}.Debug|x64.ActiveCfg = Debug|x64
		{8B02CB6B-A371-4CC4-9951-3BAD4D471D79}.Debug|x64.Build.0 = Debug|x64
		{8B02CB6B-A371-4CC4-9951-3BAD4D471D79}.Debug|x86.ActiveCfg = Debug|Win32
		{8B02CB6B-A371-4CC4-9951-3BAD4D471D79}.Debug|x86.Build.0 = Debug|Win32
		{8B02CB6B-A371-4CC4-9951-3BAD4D471D79}.Release|x64.ActiveCfg = Release|x64
		{8B02CB6B-A371-4CC4-9951-3BAD4D471D79}.Release|x64.Build.0 = Release|x64
		{8B02CB6B-A371-4CC4-9951-3BAD4D471D79}.Release|x86.ActiveCfg = Release|Win32
		{8B02CB6B-A371-4CC4-9951-3BAD4D471D79}.Release|x86.Build.0 = Release|Win32
		{0DBD52C4-1C64-4A5E-B326-372E41FF3C1E}.Debug|x64.ActiveCfg = Debug|x64
		{0DBD52C4-1C64-4A5E-B326-372E41FF3C1E}.Debug|x64.Build.0 = Debug|x64
		{0DBD52C4-1C64-4A5E-B326-372E41FF3C1E}.Debug|x86.ActiveCfg = Debug|Win32
		{0DBD52C4-1C64-4A5E-B326-372E41FF3C1E}.Debug|x86.Build.0 = Debug|Win32
		{0DBD52C4-1C64-4A5E-B326-372E41FF3C1E}.Release|x64.ActiveCfg = Release|x64
		{0DBD52C4-1C64-4A5E-B326-372E41FF3C1E}.Release|x64.Build.0 = Release|x64
		{0DBD52C4-1C64-4A5E-B326-372E41FF3C1E}.Release|x86.ActiveCfg = Release|Win32
		{0DBD52C4-1C64-4A5E-B326-372E41FF3C1E}.Release|x86.Build.0 = Release|Win32
		{10E2B97C-87DE-45C6-93C5-4F24D212D50E}.Debug|x64.ActiveCfg = Debug|x64
		{10E2B97C-87DE-45C6-93C5-4F24D212D50E}.Debug|x64.Build.0 = Debug|x64
		{10E2B97C-87DE-45C6-93C5-4F24D212D50E}.Debug|x86.ActiveCfg = Debug|Win32
		{10E2B97C-87DE-45C6-93C5-4F24D212D50E}.Debug|x86.Build.0 = Debug|Win32
		{10E2B97C-87DE-45C6-93C5-4F24D212D50E}.Release|x64.ActiveCfg = Release|x64
		{10E2B97C-87DE-45C6-93C5-4F24D212D50E}.Release|x64.Build.0 = Release|x64
		{10E2B97C-87DE-45C6-93C5-4F24D212D50E}.Release|x86.ActiveCfg = Release|Win32
		{10E2B97C-87DE-45C6-93C5-4F24D212D50E}.Release|x86.Build.0 = Release|Win32
		{8C0E75F2-DEF4-4072-BB63-D31446E2A39C}.Debug|x64.ActiveCfg = Debug|x64
		{8C0E75F2-DEF4-4072-BB63-D31446E2A39C}.Debug|x64.Build.0 = Debug|x64
		{8C0E75F2-DEF4-4072-BB63-D31446E2A39C}.Debug|x86.ActiveCfg = Debug|Win32
		{8C0E75F2-DEF4-4072-BB63-D31446E2A39C}.Debug|x86.Build.0 = Debug|Win32
		{8C0E75F2-DEF4-4072-BB63-D31446E2A39C}.Release|x64.ActiveCfg = Release|x64
		{8C0E75F2-DEF4-4072-BB63-D31446E2A39C}.Release|x64.Build.0 = Release|x64
		{8C0E75F2-DEF4-4072-BB63-D31446E2A39C}.Release|x86.ActiveCfg = Release|Win32
		{8C0E75F2-DEF4-4072-BB63-D31446E2A39C}.Release|x86.Build.0 = Release|Win32
		{9D6401F9-6171-4D55-8775-374F6D182B70}.Debug|x64.ActiveCfg = Debug|x64
		{9D6401F9-6171-4D55-8775-374F6D182B70}.Debug|x64.Build.0 = Debug|x64
		{9D6401F9-6171-4D55-8775-374F6D182B70}.Debug|x86.ActiveCfg = Debug|Win32
		{9D6401F9-6171-4D55-8775-374F6D182B70}.Debug|x86.Build.0 = Debug|Win32
		{9D6401F9-6171-4D55-8775-374F6D182B70}.Release|x64.ActiveCfg = Release|x64
		{9D6401F9-6171-4D55-8775-374F6D182B70}.Release|x64.Build.0 = Release|x64
		{9D6401F9-6171-4D55-8775-374F6D182B70}.Release|x86.ActiveCfg = Release|Win32
		{9D6401F9-6171-4D55-8775-374F6D182B70}.Release|x86.Build.0 = Release|Win32
		{12A3979D-409F-4637-87FE-79B9CA618929}.Debug|x64.ActiveCfg = Debug|x64
		{12A3979D-409F-4637-87FE-79B9CA618929}.Debug|x64.Build.0 = Debug|x64
		{12A3979D-409F-4637-87FE-79B9CA618929}.Debug|x86.ActiveCfg = Debug|Win32
		{12A3979D-409F-4637-87FE-79B9CA618929}.Debug|x86.Build.0 = Debug|Win32
		{12A3979D-409F-4637-87FE-79B9CA618929}.Release|x64.ActiveCfg = Release|x64
		{12A3979D-409F-4637-87FE-79B9CA618929}.Release|x64.Build.0 = Release|x64
		{12A3979D-409F-4637-87FE-79B9CA618929}.Release|x86.ActiveCfg = Release|Win32
		{12A3979D-409F-4637-87FE-79B9CA618929}.Release|x86.Build.0 = Release|Win32
		{6972517E-04F9-41B2-944D-A37058C197F6}.Debug|x64.ActiveCfg = Debug|x64
		{6972517E-04F9-41B2-944D-A37058C197F6}.Debug|x64.Build.0 = Debug|x64
		{6972517E-04F9-41B2-944D-A37058C197F6}.Debug|x86.ActiveCfg = Debug|Win32
		{6972517E-04F9-41B2-944D-A37058C197F6}.Debug|x86.Build.0 = Debug|Win32
		{6972517E-04F9-41B2-944D-A37058C197F6}.Release|x64.ActiveCfg = Release|x64
		{6972517E-04F9-41B2-944D-A37058C197F6}.Release|x64.Build.0 = Release|x64
		{6972517E-04F9-41B2-944D-A37058C197F6}.Release|x86.ActiveCfg = Release|Win32
		{6972517E-04F9-41B2-944D-A37058C197F6}.Release|x86.Build.0 = Release|Win32
		{0465264F-5CA5-451B-A730-C03BD156E774}.Debug|x64.ActiveCfg = Debug|x64
		{0465264F-5CA5-451B-A730-C03BD156E774}.Debug|x64.Build.0 = Debug|x64
		{0465264F-5CA5-451B-A730-C03BD156E774}.Debug|x86.ActiveCfg = Debug|Win32
		{0465264F-5CA5-451B-A730-C03BD156E774}.Debug|x86.Build.0 = Debug|Win32
		{0465264F-5CA5-451B-A730-C03BD156E774}.Release|x64.ActiveCfg = Release|x64
		{0465264F-5CA5-451B-A730-C03BD156E774}.Release|x64.Build.0 = Release|x64
		{0465264F-5CA5-451B-A730-C03BD156E774}.Release|x86.ActiveCfg = Release|Win32
		{0465264F-5CA5-451B-A730-C03BD156E774}.Release|x86.Build.0 = Release|Win32
		{17DBA449-80E7-461E-AF57-C3DCBEC02306}.Debug|x64.ActiveCfg = Debug|x64
		{17DBA449-80E7-461E-AF57-C3DCBEC02306}.Debug|x64.Build.0 = Debug|x64
		{17DBA449-80E7-461E-AF57-C3DCBEC02306}.Debug|x86.ActiveCfg = Debug|Win32
		{17DBA449-80E7-461E-AF57-C3DCBEC02306}.Debug|x86.Build.0 = Debug|Win32
		{17DBA449-80E7-461E-AF57-C3DCBEC02306}.Release|x64.ActiveCfg = Release|x64
		{17DBA449-80E7-461E-AF57-C3DCBEC02306}.Release|x64.Build.0 = Release|x64
		{17DBA449-80E7-461E-AF57-C3DCBEC02306}.Release|x86.ActiveCfg = Release|Win32
		{17DBA449-80E7-461E-AF57-C3DCBEC02306}.Release|x86.Build.0 = Release|Win32
		{FBD77389-C6ED-42B7-B833-31585BDB2279}.Debug|x64.ActiveCfg = Debug|x64
		{FBD77389-C6ED-42B7-B833-31585BDB2279}.Debug|x64.Build.0 = Debug|x64
		{FBD77389-C6ED-42B7-B833-31585BDB2279}.Debug|x86.ActiveCfg = Debug|Win32
		{FBD77389-C6ED-42B7-B833-31585BDB2279}.Debug|x86.Build.0 = Debug|Win32
		{FBD77389-C6ED-42B7-B833-31585BDB2279}.Release|x64.ActiveCfg = Release|x64
		{FBD77389-C6ED-42B7-B833-31585BDB2279}.Release|x64.Build.0 = Release|x64
		{FBD77389-C6ED-42B7-B833-31585BDB2279}.Release|x86.ActiveCfg = Release|Win32
		{FBD77389-C6ED-42B7-B833-31585BDB2279}.Release|x86.Build.0 = Release|Win32
		{D138F96D-2E78-4391-9597-DAF136A8099C}.Debug|x64.ActiveCfg = Debug|x64
		{D138F96D-2E78-4391-9597-DAF136A8099C}.Debug|x64.Build.0 = Debug|x64
		{D138F96D-2E78-4391-9597-DAF136A8099C}.Debug|x86.ActiveCfg = Debug|Win32
		{D138F96D-2E78-4391-9597-DAF136A8099C}.Debug|x86.Build.0 = Debug|Win32
		{D138F96D-2E78-4391-9597-DAF136A8099C}.Release|x64.ActiveCfg = Release|x64
		{D138F96D-2E78-4391-9597-DAF136A8099C}.Release|x64.Build.0 = Release|x64
		{D138F96D-2E78-4391-9597-DAF136A8099C}.Release|x86.ActiveCfg = Release|Win32
		{D138F96D-2E78-4391-9597-DAF136A8099C}.Release|x86.Build.0 = Release|Win32
	EndGlobalSection
	GlobalSection(SolutionProperties) = preSolution
		HideSolutionNode = FALSE
	EndGlobalSection
	GlobalSection(ExtensibilityGlobals) = postSolution
		SolutionGuid = {406EEBD8-9C28-4A78-9C1F-CE9FE0CB0E32}
	EndGlobalSection
EndGlobal
